
Microsoft Visual Studio Solution File, Format Version 12.00
# Visual Studio Version 16
VisualStudioVersion = 16.0.31205.134
MinimumVisualStudioVersion = 10.0.40219.1
Project("{FAE04EC0-301F-11D3-BF4B-00C04F79EFBC}") = "ElevatorControl", "ElevatorControl\ElevatorControl.csproj", "{EE9F757D-1C42-4227-A5B9-2EB012DB8F1B}"
EndProject
Project("{FAE04EC0-301F-11D3-BF4B-00C04F79EFBC}") = "ElevatorControl.Test", "ElevatorControl.Test\ElevatorControl.Test.csproj", "{A166AD17-2888-4CCB-9215-133D0E485648}"
EndProject
Project("{2150E333-8FDC-42A3-9474-1A3956D46DE8}") = "Solution Items", "Solution Items", "{8E74B41A-8369-48AF-A87A-E7A49AD22714}"
	ProjectSection(SolutionItems) = preProject
		readme.md = readme.md
	EndProjectSection
EndProject
Global
	GlobalSection(SolutionConfigurationPlatforms) = preSolution
		Debug|Any CPU = Debug|Any CPU
		Release|Any CPU = Release|Any CPU
	EndGlobalSection
	GlobalSection(ProjectConfigurationPlatforms) = postSolution
		{EE9F757D-1C42-4227-A5B9-2EB012DB8F1B}.Debug|Any CPU.ActiveCfg = Debug|Any CPU
		{EE9F757D-1C42-4227-A5B9-2EB012DB8F1B}.Debug|Any CPU.Build.0 = Debug|Any CPU
		{EE9F757D-1C42-4227-A5B9-2EB012DB8F1B}.Release|Any CPU.ActiveCfg = Release|Any CPU
		{EE9F757D-1C42-4227-A5B9-2EB012DB8F1B}.Release|Any CPU.Build.0 = Release|Any CPU
		{A166AD17-2888-4CCB-9215-133D0E485648}.Debug|Any CPU.ActiveCfg = Debug|Any CPU
		{A166AD17-2888-4CCB-9215-133D0E485648}.Debug|Any CPU.Build.0 = Debug|Any CPU
		{A166AD17-2888-4CCB-9215-133D0E485648}.Release|Any CPU.ActiveCfg = Release|Any CPU
		{A166AD17-2888-4CCB-9215-133D0E485648}.Release|Any CPU.Build.0 = Release|Any CPU
	EndGlobalSection
	GlobalSection(SolutionProperties) = preSolution
		HideSolutionNode = FALSE
	EndGlobalSection
	GlobalSection(ExtensibilityGlobals) = postSolution
		SolutionGuid = {6BADD771-A81E-4075-9077-E25CEDA52EF6}
	EndGlobalSection
EndGlobal
